
Microsoft Visual Studio Solution File, Format Version 12.00
# Visual Studio Version 16
VisualStudioVersion = 16.0.31515.178
MinimumVisualStudioVersion = 10.0.40219.1
Project("{FAE04EC0-301F-11D3-BF4B-00C04F79EFBC}") = "Mantimentos.App", "src\Mantimentos.App\Mantimentos.App.csproj", "{0EEAC48A-1CB4-4CEF-B18E-405B242FBDEC}"
EndProject
Project("{FAE04EC0-301F-11D3-BF4B-00C04F79EFBC}") = "Mantimentos.App.Business", "src\Mantimento.App.Business\Mantimentos.App.Business.csproj", "{727AE739-2A7F-4EED-8EA4-1BF75C610808}"
EndProject
Project("{FAE04EC0-301F-11D3-BF4B-00C04F79EFBC}") = "Mantimentos.App.Data", "src\Mantimentos.App.Data\Mantimentos.App.Data.csproj", "{E8F7B685-0A39-461D-9D60-CB779F2662C2}"
EndProject
Global
	GlobalSection(SolutionConfigurationPlatforms) = preSolution
		Debug|Any CPU = Debug|Any CPU
		Release|Any CPU = Release|Any CPU
	EndGlobalSection
	GlobalSection(ProjectConfigurationPlatforms) = postSolution
		{0EEAC48A-1CB4-4CEF-B18E-405B242FBDEC}.Debug|Any CPU.ActiveCfg = Debug|Any CPU
		{0EEAC48A-1CB4-4CEF-B18E-405B242FBDEC}.Debug|Any CPU.Build.0 = Debug|Any CPU
		{0EEAC48A-1CB4-4CEF-B18E-405B242FBDEC}.Release|Any CPU.ActiveCfg = Release|Any CPU
		{0EEAC48A-1CB4-4CEF-B18E-405B242FBDEC}.Release|Any CPU.Build.0 = Release|Any CPU
		{727AE739-2A7F-4EED-8EA4-1BF75C610808}.Debug|Any CPU.ActiveCfg = Debug|Any CPU
		{727AE739-2A7F-4EED-8EA4-1BF75C610808}.Debug|Any CPU.Build.0 = Debug|Any CPU
		{727AE739-2A7F-4EED-8EA4-1BF75C610808}.Release|Any CPU.ActiveCfg = Release|Any CPU
		{727AE739-2A7F-4EED-8EA4-1BF75C610808}.Release|Any CPU.Build.0 = Release|Any CPU
		{E8F7B685-0A39-461D-9D60-CB779F2662C2}.Debug|Any CPU.ActiveCfg = Debug|Any CPU
		{E8F7B685-0A39-461D-9D60-CB779F2662C2}.Debug|Any CPU.Build.0 = Debug|Any CPU
		{E8F7B685-0A39-461D-9D60-CB779F2662C2}.Release|Any CPU.ActiveCfg = Release|Any CPU
		{E8F7B685-0A39-461D-9D60-CB779F2662C2}.Release|Any CPU.Build.0 = Release|Any CPU
	EndGlobalSection
	GlobalSection(SolutionProperties) = preSolution
		HideSolutionNode = FALSE
	EndGlobalSection
	GlobalSection(ExtensibilityGlobals) = postSolution
		SolutionGuid = {183A5CB5-0560-43EC-886D-125B7147E30B}
	EndGlobalSection
EndGlobal
